
Microsoft Visual Studio Solution File, Format Version 12.00
# Visual Studio Version 16
VisualStudioVersion = 16.0.31702.278
MinimumVisualStudioVersion = 10.0.40219.1
Project("{FAE04EC0-301F-11D3-BF4B-00C04F79EFBC}") = "COMP-4995_A1", "COMP-4995_A1\COMP-4995_A1.csproj", "{1F280B47-CFDD-4498-A8E1-F393D58F7CFE}"
EndProject
Global
	GlobalSection(SolutionConfigurationPlatforms) = preSolution
		Debug|Any CPU = Debug|Any CPU
		Release|Any CPU = Release|Any CPU
	EndGlobalSection
	GlobalSection(ProjectConfigurationPlatforms) = postSolution
		{1F280B47-CFDD-4498-A8E1-F393D58F7CFE}.Debug|Any CPU.ActiveCfg = Debug|Any CPU
		{1F280B47-CFDD-4498-A8E1-F393D58F7CFE}.Debug|Any CPU.Build.0 = Debug|Any CPU
		{1F280B47-CFDD-4498-A8E1-F393D58F7CFE}.Release|Any CPU.ActiveCfg = Release|Any CPU
		{1F280B47-CFDD-4498-A8E1-F393D58F7CFE}.Release|Any CPU.Build.0 = Release|Any CPU
	EndGlobalSection
	GlobalSection(SolutionProperties) = preSolution
		HideSolutionNode = FALSE
	EndGlobalSection
	GlobalSection(ExtensibilityGlobals) = postSolution
		SolutionGuid = {32DC093B-0BAB-4F95-AA8F-352D1DE7E2B5}
	EndGlobalSection
EndGlobal
